// !$*UTF8*$!
{
	archiveVersion = 1;
	classes = {
	};
	objectVersion = 50;
	objects = {

/* Begin PBXBuildFile section */
		0829B74626FAB4B200346F3A /* 1.mp3 in Resources */ = {isa = PBXBuildFile; fileRef = 0829B74526FAB4B200346F3A /* 1.mp3 */; };
		0829B75126FAB6F000346F3A /* 6.mp3 in Resources */ = {isa = PBXBuildFile; fileRef = 0829B74726FAB6F000346F3A /* 6.mp3 */; };
		0829B75326FAB6F000346F3A /* 7.mp3 in Resources */ = {isa = PBXBuildFile; fileRef = 0829B74926FAB6F000346F3A /* 7.mp3 */; };
		0829B75426FAB6F000346F3A /* 4.mp3 in Resources */ = {isa = PBXBuildFile; fileRef = 0829B74A26FAB6F000346F3A /* 4.mp3 */; };
		0829B75526FAB6F000346F3A /* 8.mp3 in Resources */ = {isa = PBXBuildFile; fileRef = 0829B74B26FAB6F000346F3A /* 8.mp3 */; };
		0829B75626FAB6F000346F3A /* 5.mp3 in Resources */ = {isa = PBXBuildFile; fileRef = 0829B74C26FAB6F000346F3A /* 5.mp3 */; };
		0829B75726FAB6F000346F3A /* 3.mp3 in Resources */ = {isa = PBXBuildFile; fileRef = 0829B74D26FAB6F000346F3A /* 3.mp3 */; };
		0829B75826FAB6F000346F3A /* 10.mp3 in Resources */ = {isa = PBXBuildFile; fileRef = 0829B74E26FAB6F000346F3A /* 10.mp3 */; };
		0829B75926FAB6F000346F3A /* 2.mp3 in Resources */ = {isa = PBXBuildFile; fileRef = 0829B74F26FAB6F000346F3A /* 2.mp3 */; };
		0829B75A26FAB6F000346F3A /* 9.mp3 in Resources */ = {isa = PBXBuildFile; fileRef = 0829B75026FAB6F000346F3A /* 9.mp3 */; };
		08A2114C26F82556009FB0B8 /* AppDelegate.swift in Sources */ = {isa = PBXBuildFile; fileRef = 08A2114B26F82556009FB0B8 /* AppDelegate.swift */; };
		08A2114E26F82556009FB0B8 /* SceneDelegate.swift in Sources */ = {isa = PBXBuildFile; fileRef = 08A2114D26F82556009FB0B8 /* SceneDelegate.swift */; };
		08A2115026F82556009FB0B8 /* ViewController.swift in Sources */ = {isa = PBXBuildFile; fileRef = 08A2114F26F82556009FB0B8 /* ViewController.swift */; };
		08A2115326F82556009FB0B8 /* Main.storyboard in Resources */ = {isa = PBXBuildFile; fileRef = 08A2115126F82556009FB0B8 /* Main.storyboard */; };
		08A2115526F82557009FB0B8 /* Assets.xcassets in Resources */ = {isa = PBXBuildFile; fileRef = 08A2115426F82557009FB0B8 /* Assets.xcassets */; };
		08A2115826F82557009FB0B8 /* LaunchScreen.storyboard in Resources */ = {isa = PBXBuildFile; fileRef = 08A2115626F82557009FB0B8 /* LaunchScreen.storyboard */; };
		08A2116126F825FA009FB0B8 /* TabBar.swift in Sources */ = {isa = PBXBuildFile; fileRef = 08A2116026F825FA009FB0B8 /* TabBar.swift */; };
		08A2116326F9088A009FB0B8 /* ContentView.swift in Sources */ = {isa = PBXBuildFile; fileRef = 08A2116226F9088A009FB0B8 /* ContentView.swift */; };
		08A2116526F90B82009FB0B8 /* BlurView.swift in Sources */ = {isa = PBXBuildFile; fileRef = 08A2116426F90B82009FB0B8 /* BlurView.swift */; };
		08A2116726F91017009FB0B8 /* MiniPlayer.swift in Sources */ = {isa = PBXBuildFile; fileRef = 08A2116626F91017009FB0B8 /* MiniPlayer.swift */; };
		08A2116926F912C7009FB0B8 /* Search.swift in Sources */ = {isa = PBXBuildFile; fileRef = 08A2116826F912C7009FB0B8 /* Search.swift */; };
/* End PBXBuildFile section */

/* Begin PBXFileReference section */
		0829B74526FAB4B200346F3A /* 1.mp3 */ = {isa = PBXFileReference; lastKnownFileType = audio.mp3; path = 1.mp3; sourceTree = "<group>"; };
		0829B74726FAB6F000346F3A /* 6.mp3 */ = {isa = PBXFileReference; lastKnownFileType = audio.mp3; path = 6.mp3; sourceTree = "<group>"; };
		0829B74926FAB6F000346F3A /* 7.mp3 */ = {isa = PBXFileReference; lastKnownFileType = audio.mp3; path = 7.mp3; sourceTree = "<group>"; };
		0829B74A26FAB6F000346F3A /* 4.mp3 */ = {isa = PBXFileReference; lastKnownFileType = audio.mp3; path = 4.mp3; sourceTree = "<group>"; };
		0829B74B26FAB6F000346F3A /* 8.mp3 */ = {isa = PBXFileReference; lastKnownFileType = audio.mp3; path = 8.mp3; sourceTree = "<group>"; };
		0829B74C26FAB6F000346F3A /* 5.mp3 */ = {isa = PBXFileReference; lastKnownFileType = audio.mp3; path = 5.mp3; sourceTree = "<group>"; };
		0829B74D26FAB6F000346F3A /* 3.mp3 */ = {isa = PBXFileReference; lastKnownFileType = audio.mp3; path = 3.mp3; sourceTree = "<group>"; };
		0829B74E26FAB6F000346F3A /* 10.mp3 */ = {isa = PBXFileReference; lastKnownFileType = audio.mp3; path = 10.mp3; sourceTree = "<group>"; };
		0829B74F26FAB6F000346F3A /* 2.mp3 */ = {isa = PBXFileReference; lastKnownFileType = audio.mp3; path = 2.mp3; sourceTree = "<group>"; };
		0829B75026FAB6F000346F3A /* 9.mp3 */ = {isa = PBXFileReference; lastKnownFileType = audio.mp3; path = 9.mp3; sourceTree = "<group>"; };
		08A2114826F82556009FB0B8 /* Music.app */ = {isa = PBXFileReference; explicitFileType = wrapper.application; includeInIndex = 0; path = Music.app; sourceTree = BUILT_PRODUCTS_DIR; };
		08A2114B26F82556009FB0B8 /* AppDelegate.swift */ = {isa = PBXFileReference; lastKnownFileType = sourcecode.swift; path = AppDelegate.swift; sourceTree = "<group>"; };
		08A2114D26F82556009FB0B8 /* SceneDelegate.swift */ = {isa = PBXFileReference; lastKnownFileType = sourcecode.swift; path = SceneDelegate.swift; sourceTree = "<group>"; };
		08A2114F26F82556009FB0B8 /* ViewController.swift */ = {isa = PBXFileReference; lastKnownFileType = sourcecode.swift; path = ViewController.swift; sourceTree = "<group>"; };
		08A2115226F82556009FB0B8 /* Base */ = {isa = PBXFileReference; lastKnownFileType = file.storyboard; name = Base; path = Base.lproj/Main.storyboard; sourceTree = "<group>"; };
		08A2115426F82557009FB0B8 /* Assets.xcassets */ = {isa = PBXFileReference; lastKnownFileType = folder.assetcatalog; path = Assets.xcassets; sourceTree = "<group>"; };
		08A2115726F82557009FB0B8 /* Base */ = {isa = PBXFileReference; lastKnownFileType = file.storyboard; name = Base; path = Base.lproj/LaunchScreen.storyboard; sourceTree = "<group>"; };
		08A2115926F82557009FB0B8 /* Info.plist */ = {isa = PBXFileReference; lastKnownFileType = text.plist.xml; path = Info.plist; sourceTree = "<group>"; };
		08A2116026F825FA009FB0B8 /* TabBar.swift */ = {isa = PBXFileReference; lastKnownFileType = sourcecode.swift; path = TabBar.swift; sourceTree = "<group>"; };
		08A2116226F9088A009FB0B8 /* ContentView.swift */ = {isa = PBXFileReference; lastKnownFileType = sourcecode.swift; path = ContentView.swift; sourceTree = "<group>"; };
		08A2116426F90B82009FB0B8 /* BlurView.swift */ = {isa = PBXFileReference; lastKnownFileType = sourcecode.swift; path = BlurView.swift; sourceTree = "<group>"; };
		08A2116626F91017009FB0B8 /* MiniPlayer.swift */ = {isa = PBXFileReference; lastKnownFileType = sourcecode.swift; path = MiniPlayer.swift; sourceTree = "<group>"; };
		08A2116826F912C7009FB0B8 /* Search.swift */ = {isa = PBXFileReference; lastKnownFileType = sourcecode.swift; path = Search.swift; sourceTree = "<group>"; };
/* End PBXFileReference section */

/* Begin PBXFrameworksBuildPhase section */
		08A2114526F82556009FB0B8 /* Frameworks */ = {
			isa = PBXFrameworksBuildPhase;
			buildActionMask = 2147483647;
			files = (
			);
			runOnlyForDeploymentPostprocessing = 0;
		};
/* End PBXFrameworksBuildPhase section */

/* Begin PBXGroup section */
		08A2113F26F82556009FB0B8 = {
			isa = PBXGroup;
			children = (
				08A2114A26F82556009FB0B8 /* Music */,
				08A2114926F82556009FB0B8 /* Products */,
			);
			sourceTree = "<group>";
		};
		08A2114926F82556009FB0B8 /* Products */ = {
			isa = PBXGroup;
			children = (
				08A2114826F82556009FB0B8 /* Music.app */,
			);
			name = Products;
			sourceTree = "<group>";
		};
		08A2114A26F82556009FB0B8 /* Music */ = {
			isa = PBXGroup;
			children = (
				0829B74526FAB4B200346F3A /* 1.mp3 */,
				0829B74F26FAB6F000346F3A /* 2.mp3 */,
				0829B74D26FAB6F000346F3A /* 3.mp3 */,
				0829B74A26FAB6F000346F3A /* 4.mp3 */,
				0829B74C26FAB6F000346F3A /* 5.mp3 */,
				0829B74726FAB6F000346F3A /* 6.mp3 */,
				0829B74926FAB6F000346F3A /* 7.mp3 */,
				0829B74B26FAB6F000346F3A /* 8.mp3 */,
				0829B75026FAB6F000346F3A /* 9.mp3 */,
				0829B74E26FAB6F000346F3A /* 10.mp3 */,
				08A2115F26F825E4009FB0B8 /* View */,
				08A2114B26F82556009FB0B8 /* AppDelegate.swift */,
				08A2114D26F82556009FB0B8 /* SceneDelegate.swift */,
				08A2114F26F82556009FB0B8 /* ViewController.swift */,
				08A2115126F82556009FB0B8 /* Main.storyboard */,
				08A2115426F82557009FB0B8 /* Assets.xcassets */,
				08A2115626F82557009FB0B8 /* LaunchScreen.storyboard */,
				08A2115926F82557009FB0B8 /* Info.plist */,
				08A2116226F9088A009FB0B8 /* ContentView.swift */,
			);
			path = Music;
			sourceTree = "<group>";
		};
		08A2115F26F825E4009FB0B8 /* View */ = {
			isa = PBXGroup;
			children = (
				08A2116026F825FA009FB0B8 /* TabBar.swift */,
				08A2116426F90B82009FB0B8 /* BlurView.swift */,
				08A2116626F91017009FB0B8 /* MiniPlayer.swift */,
				08A2116826F912C7009FB0B8 /* Search.swift */,
			);
			path = View;
			sourceTree = "<group>";
		};
/* End PBXGroup section */

/* Begin PBXNativeTarget section */
		08A2114726F82556009FB0B8 /* Music */ = {
			isa = PBXNativeTarget;
			buildConfigurationList = 08A2115C26F82557009FB0B8 /* Build configuration list for PBXNativeTarget "Music" */;
			buildPhases = (
				08A2114426F82556009FB0B8 /* Sources */,
				08A2114526F82556009FB0B8 /* Frameworks */,
				08A2114626F82556009FB0B8 /* Resources */,
			);
			buildRules = (
			);
			dependencies = (
			);
			name = Music;
			productName = Music;
			productReference = 08A2114826F82556009FB0B8 /* Music.app */;
			productType = "com.apple.product-type.application";
		};
/* End PBXNativeTarget section */

/* Begin PBXProject section */
		08A2114026F82556009FB0B8 /* Project object */ = {
			isa = PBXProject;
			attributes = {
				LastSwiftUpdateCheck = 1250;
				LastUpgradeCheck = 1250;
				TargetAttributes = {
					08A2114726F82556009FB0B8 = {
						CreatedOnToolsVersion = 12.5;
					};
				};
			};
			buildConfigurationList = 08A2114326F82556009FB0B8 /* Build configuration list for PBXProject "Music" */;
			compatibilityVersion = "Xcode 9.3";
			developmentRegion = en;
			hasScannedForEncodings = 0;
			knownRegions = (
				en,
				Base,
			);
			mainGroup = 08A2113F26F82556009FB0B8;
			productRefGroup = 08A2114926F82556009FB0B8 /* Products */;
			projectDirPath = "";
			projectRoot = "";
			targets = (
				08A2114726F82556009FB0B8 /* Music */,
			);
		};
/* End PBXProject section */

/* Begin PBXResourcesBuildPhase section */
		08A2114626F82556009FB0B8 /* Resources */ = {
			isa = PBXResourcesBuildPhase;
			buildActionMask = 2147483647;
			files = (
				0829B75726FAB6F000346F3A /* 3.mp3 in Resources */,
				0829B74626FAB4B200346F3A /* 1.mp3 in Resources */,
				0829B75926FAB6F000346F3A /* 2.mp3 in Resources */,
				08A2115826F82557009FB0B8 /* LaunchScreen.storyboard in Resources */,
				08A2115526F82557009FB0B8 /* Assets.xcassets in Resources */,
				0829B75826FAB6F000346F3A /* 10.mp3 in Resources */,
				08A2115326F82556009FB0B8 /* Main.storyboard in Resources */,
				0829B75126FAB6F000346F3A /* 6.mp3 in Resources */,
				0829B75626FAB6F000346F3A /* 5.mp3 in Resources */,
				0829B75526FAB6F000346F3A /* 8.mp3 in Resources */,
				0829B75326FAB6F000346F3A /* 7.mp3 in Resources */,
				0829B75A26FAB6F000346F3A /* 9.mp3 in Resources */,
				0829B75426FAB6F000346F3A /* 4.mp3 in Resources */,
			);
			runOnlyForDeploymentPostprocessing = 0;
		};
/* End PBXResourcesBuildPhase section */

/* Begin PBXSourcesBuildPhase section */
		08A2114426F82556009FB0B8 /* Sources */ = {
			isa = PBXSourcesBuildPhase;
			buildActionMask = 2147483647;
			files = (
				08A2115026F82556009FB0B8 /* ViewController.swift in Sources */,
				08A2116326F9088A009FB0B8 /* ContentView.swift in Sources */,
				08A2114C26F82556009FB0B8 /* AppDelegate.swift in Sources */,
				08A2114E26F82556009FB0B8 /* SceneDelegate.swift in Sources */,
				08A2116726F91017009FB0B8 /* MiniPlayer.swift in Sources */,
				08A2116926F912C7009FB0B8 /* Search.swift in Sources */,
				08A2116126F825FA009FB0B8 /* TabBar.swift in Sources */,
				08A2116526F90B82009FB0B8 /* BlurView.swift in Sources */,
			);
			runOnlyForDeploymentPostprocessing = 0;
		};
/* End PBXSourcesBuildPhase section */

/* Begin PBXVariantGroup section */
		08A2115126F82556009FB0B8 /* Main.storyboard */ = {
			isa = PBXVariantGroup;
			children = (
				08A2115226F82556009FB0B8 /* Base */,
			);
			name = Main.storyboard;
			sourceTree = "<group>";
		};
		08A2115626F82557009FB0B8 /* LaunchScreen.storyboard */ = {
			isa = PBXVariantGroup;
			children = (
				08A2115726F82557009FB0B8 /* Base */,
			);
			name = LaunchScreen.storyboard;
			sourceTree = "<group>";
		};
/* End PBXVariantGroup section */

/* Begin XCBuildConfiguration section */
		08A2115A26F82557009FB0B8 /* Debug */ = {
			isa = XCBuildConfiguration;
			buildSettings = {
				ALWAYS_SEARCH_USER_PATHS = NO;
				CLANG_ANALYZER_NONNULL = YES;
				CLANG_ANALYZER_NUMBER_OBJECT_CONVERSION = YES_AGGRESSIVE;
				CLANG_CXX_LANGUAGE_STANDARD = "gnu++14";
				CLANG_CXX_LIBRARY = "libc++";
				CLANG_ENABLE_MODULES = YES;
				CLANG_ENABLE_OBJC_ARC = YES;
				CLANG_ENABLE_OBJC_WEAK = YES;
				CLANG_WARN_BLOCK_CAPTURE_AUTORELEASING = YES;
				CLANG_WARN_BOOL_CONVERSION = YES;
				CLANG_WARN_COMMA = YES;
				CLANG_WARN_CONSTANT_CONVERSION = YES;
				CLANG_WARN_DEPRECATED_OBJC_IMPLEMENTATIONS = YES;
				CLANG_WARN_DIRECT_OBJC_ISA_USAGE = YES_ERROR;
				CLANG_WARN_DOCUMENTATION_COMMENTS = YES;
				CLANG_WARN_EMPTY_BODY = YES;
				CLANG_WARN_ENUM_CONVERSION = YES;
				CLANG_WARN_INFINITE_RECURSION = YES;
				CLANG_WARN_INT_CONVERSION = YES;
				CLANG_WARN_NON_LITERAL_NULL_CONVERSION = YES;
				CLANG_WARN_OBJC_IMPLICIT_RETAIN_SELF = YES;
				CLANG_WARN_OBJC_LITERAL_CONVERSION = YES;
				CLANG_WARN_OBJC_ROOT_CLASS = YES_ERROR;
				CLANG_WARN_QUOTED_INCLUDE_IN_FRAMEWORK_HEADER = YES;
				CLANG_WARN_RANGE_LOOP_ANALYSIS = YES;
				CLANG_WARN_STRICT_PROTOTYPES = YES;
				CLANG_WARN_SUSPICIOUS_MOVE = YES;
				CLANG_WARN_UNGUARDED_AVAILABILITY = YES_AGGRESSIVE;
				CLANG_WARN_UNREACHABLE_CODE = YES;
				CLANG_WARN__DUPLICATE_METHOD_MATCH = YES;
				COPY_PHASE_STRIP = NO;
				DEBUG_INFORMATION_FORMAT = dwarf;
				ENABLE_STRICT_OBJC_MSGSEND = YES;
				ENABLE_TESTABILITY = YES;
				GCC_C_LANGUAGE_STANDARD = gnu11;
				GCC_DYNAMIC_NO_PIC = NO;
				GCC_NO_COMMON_BLOCKS = YES;
				GCC_OPTIMIZATION_LEVEL = 0;
				GCC_PREPROCESSOR_DEFINITIONS = (
					"DEBUG=1",
					"$(inherited)",
				);
				GCC_WARN_64_TO_32_BIT_CONVERSION = YES;
				GCC_WARN_ABOUT_RETURN_TYPE = YES_ERROR;
				GCC_WARN_UNDECLARED_SELECTOR = YES;
				GCC_WARN_UNINITIALIZED_AUTOS = YES_AGGRESSIVE;
				GCC_WARN_UNUSED_FUNCTION = YES;
				GCC_WARN_UNUSED_VARIABLE = YES;
				IPHONEOS_DEPLOYMENT_TARGET = 14.5;
				MTL_ENABLE_DEBUG_INFO = INCLUDE_SOURCE;
				MTL_FAST_MATH = YES;
				ONLY_ACTIVE_ARCH = YES;
				SDKROOT = iphoneos;
				SWIFT_ACTIVE_COMPILATION_CONDITIONS = DEBUG;
				SWIFT_OPTIMIZATION_LEVEL = "-Onone";
			};
			name = Debug;
		};
		08A2115B26F82557009FB0B8 /* Release */ = {
			isa = XCBuildConfiguration;
			buildSettings = {
				ALWAYS_SEARCH_USER_PATHS = NO;
				CLANG_ANALYZER_NONNULL = YES;
				CLANG_ANALYZER_NUMBER_OBJECT_CONVERSION = YES_AGGRESSIVE;
				CLANG_CXX_LANGUAGE_STANDARD = "gnu++14";
				CLANG_CXX_LIBRARY = "libc++";
				CLANG_ENABLE_MODULES = YES;
				CLANG_ENABLE_OBJC_ARC = YES;
				CLANG_ENABLE_OBJC_WEAK = YES;
				CLANG_WARN_BLOCK_CAPTURE_AUTORELEASING = YES;
				CLANG_WARN_BOOL_CONVERSION = YES;
				CLANG_WARN_COMMA = YES;
				CLANG_WARN_CONSTANT_CONVERSION = YES;
				CLANG_WARN_DEPRECATED_OBJC_IMPLEMENTATIONS = YES;
				CLANG_WARN_DIRECT_OBJC_ISA_USAGE = YES_ERROR;
				CLANG_WARN_DOCUMENTATION_COMMENTS = YES;
				CLANG_WARN_EMPTY_BODY = YES;
				CLANG_WARN_ENUM_CONVERSION = YES;
				CLANG_WARN_INFINITE_RECURSION = YES;
				CLANG_WARN_INT_CONVERSION = YES;
				CLANG_WARN_NON_LITERAL_NULL_CONVERSION = YES;
				CLANG_WARN_OBJC_IMPLICIT_RETAIN_SELF = YES;
				CLANG_WARN_OBJC_LITERAL_CONVERSION = YES;
				CLANG_WARN_OBJC_ROOT_CLASS = YES_ERROR;
				CLANG_WARN_QUOTED_INCLUDE_IN_FRAMEWORK_HEADER = YES;
				CLANG_WARN_RANGE_LOOP_ANALYSIS = YES;
				CLANG_WARN_STRICT_PROTOTYPES = YES;
				CLANG_WARN_SUSPICIOUS_MOVE = YES;
				CLANG_WARN_UNGUARDED_AVAILABILITY = YES_AGGRESSIVE;
				CLANG_WARN_UNREACHABLE_CODE = YES;
				CLANG_WARN__DUPLICATE_METHOD_MATCH = YES;
				COPY_PHASE_STRIP = NO;
				DEBUG_INFORMATION_FORMAT = "dwarf-with-dsym";
				ENABLE_NS_ASSERTIONS = NO;
				ENABLE_STRICT_OBJC_MSGSEND = YES;
				GCC_C_LANGUAGE_STANDARD = gnu11;
				GCC_NO_COMMON_BLOCKS = YES;
				GCC_WARN_64_TO_32_BIT_CONVERSION = YES;
				GCC_WARN_ABOUT_RETURN_TYPE = YES_ERROR;
				GCC_WARN_UNDECLARED_SELECTOR = YES;
				GCC_WARN_UNINITIALIZED_AUTOS = YES_AGGRESSIVE;
				GCC_WARN_UNUSED_FUNCTION = YES;
				GCC_WARN_UNUSED_VARIABLE = YES;
				IPHONEOS_DEPLOYMENT_TARGET = 14.5;
				MTL_ENABLE_DEBUG_INFO = NO;
				MTL_FAST_MATH = YES;
				SDKROOT = iphoneos;
				SWIFT_COMPILATION_MODE = wholemodule;
				SWIFT_OPTIMIZATION_LEVEL = "-O";
				VALIDATE_PRODUCT = YES;
			};
			name = Release;
		};
		08A2115D26F82557009FB0B8 /* Debug */ = {
			isa = XCBuildConfiguration;
			buildSettings = {
				ASSETCATALOG_COMPILER_APPICON_NAME = AppIcon;
				ASSETCATALOG_COMPILER_GLOBAL_ACCENT_COLOR_NAME = AccentColor;
				CODE_SIGN_STYLE = Automatic;
				INFOPLIST_FILE = Music/Info.plist;
				LD_RUNPATH_SEARCH_PATHS = (
					"$(inherited)",
					"@executable_path/Frameworks",
				);
				PRODUCT_BUNDLE_IDENTIFIER = me.Music;
				PRODUCT_NAME = "$(TARGET_NAME)";
				SWIFT_VERSION = 5.0;
				TARGETED_DEVICE_FAMILY = "1,2";
			};
			name = Debug;
		};
		08A2115E26F82557009FB0B8 /* Release */ = {
			isa = XCBuildConfiguration;
			buildSettings = {
				ASSETCATALOG_COMPILER_APPICON_NAME = AppIcon;
				ASSETCATALOG_COMPILER_GLOBAL_ACCENT_COLOR_NAME = AccentColor;
				CODE_SIGN_STYLE = Automatic;
				INFOPLIST_FILE = Music/Info.plist;
				LD_RUNPATH_SEARCH_PATHS = (
					"$(inherited)",
					"@executable_path/Frameworks",
				);
				PRODUCT_BUNDLE_IDENTIFIER = me.Music;
				PRODUCT_NAME = "$(TARGET_NAME)";
				SWIFT_VERSION = 5.0;
				TARGETED_DEVICE_FAMILY = "1,2";
			};
			name = Release;
		};
/* End XCBuildConfiguration section */

/* Begin XCConfigurationList section */
		08A2114326F82556009FB0B8 /* Build configuration list for PBXProject "Music" */ = {
			isa = XCConfigurationList;
			buildConfigurations = (
				08A2115A26F82557009FB0B8 /* Debug */,
				08A2115B26F82557009FB0B8 /* Release */,
			);
			defaultConfigurationIsVisible = 0;
			defaultConfigurationName = Release;
		};
		08A2115C26F82557009FB0B8 /* Build configuration list for PBXNativeTarget "Music" */ = {
			isa = XCConfigurationList;
			buildConfigurations = (
				08A2115D26F82557009FB0B8 /* Debug */,
				08A2115E26F82557009FB0B8 /* Release */,
			);
			defaultConfigurationIsVisible = 0;
			defaultConfigurationName = Release;
		};
/* End XCConfigurationList section */
	};
	rootObject = 08A2114026F82556009FB0B8 /* Project object */;
}
